// !$*UTF8*$!
{
	archiveVersion = 1;
	classes = {
	};
	objectVersion = 46;
	objects = {

/* Begin PBXBuildFile section */
		660C660F1D35BEC100BAD5EE /* AppDelegate.swift in Sources */ = {isa = PBXBuildFile; fileRef = 660C660E1D35BEC100BAD5EE /* AppDelegate.swift */; };
		660C66111D35BEC100BAD5EE /* ViewController.swift in Sources */ = {isa = PBXBuildFile; fileRef = 660C66101D35BEC100BAD5EE /* ViewController.swift */; };
		660C66141D35BEC100BAD5EE /* Main.storyboard in Resources */ = {isa = PBXBuildFile; fileRef = 660C66121D35BEC100BAD5EE /* Main.storyboard */; };
		660C66161D35BEC100BAD5EE /* Assets.xcassets in Resources */ = {isa = PBXBuildFile; fileRef = 660C66151D35BEC100BAD5EE /* Assets.xcassets */; };
		660C66191D35BEC100BAD5EE /* LaunchScreen.storyboard in Resources */ = {isa = PBXBuildFile; fileRef = 660C66171D35BEC100BAD5EE /* LaunchScreen.storyboard */; };
		660C66321D35BFD100BAD5EE /* SymbolEncoder.swift in Sources */ = {isa = PBXBuildFile; fileRef = 660C66311D35BFD100BAD5EE /* SymbolEncoder.swift */; };
		660C66331D35BFD100BAD5EE /* SymbolEncoder.swift in Sources */ = {isa = PBXBuildFile; fileRef = 660C66311D35BFD100BAD5EE /* SymbolEncoder.swift */; };
		660C66351D35C01900BAD5EE /* morse.json in Resources */ = {isa = PBXBuildFile; fileRef = 660C66341D35C01900BAD5EE /* morse.json */; };
		660C66361D35C01900BAD5EE /* morse.json in Resources */ = {isa = PBXBuildFile; fileRef = 660C66341D35C01900BAD5EE /* morse.json */; };
		660C66381D35C02900BAD5EE /* DataLoader.swift in Sources */ = {isa = PBXBuildFile; fileRef = 660C66371D35C02900BAD5EE /* DataLoader.swift */; };
		660C66391D35C02900BAD5EE /* DataLoader.swift in Sources */ = {isa = PBXBuildFile; fileRef = 660C66371D35C02900BAD5EE /* DataLoader.swift */; };
		660C663B1D35C71200BAD5EE /* WordEncoder.swift in Sources */ = {isa = PBXBuildFile; fileRef = 660C663A1D35C71200BAD5EE /* WordEncoder.swift */; };
		660C663C1D35C71200BAD5EE /* WordEncoder.swift in Sources */ = {isa = PBXBuildFile; fileRef = 660C663A1D35C71200BAD5EE /* WordEncoder.swift */; };
		660C663E1D35CB7500BAD5EE /* MessageEncoder.swift in Sources */ = {isa = PBXBuildFile; fileRef = 660C663D1D35CB7500BAD5EE /* MessageEncoder.swift */; };
		660C663F1D35CB7500BAD5EE /* MessageEncoder.swift in Sources */ = {isa = PBXBuildFile; fileRef = 660C663D1D35CB7500BAD5EE /* MessageEncoder.swift */; };
		66A156451D36F04C000956F2 /* Mark.swift in Sources */ = {isa = PBXBuildFile; fileRef = 66A156441D36F04C000956F2 /* Mark.swift */; };
		66A156461D36F04C000956F2 /* Mark.swift in Sources */ = {isa = PBXBuildFile; fileRef = 66A156441D36F04C000956F2 /* Mark.swift */; };
		66A156481D36F053000956F2 /* Symbol.swift in Sources */ = {isa = PBXBuildFile; fileRef = 66A156471D36F053000956F2 /* Symbol.swift */; };
		66A156491D36F053000956F2 /* Symbol.swift in Sources */ = {isa = PBXBuildFile; fileRef = 66A156471D36F053000956F2 /* Symbol.swift */; };
		66A1564B1D36F058000956F2 /* Word.swift in Sources */ = {isa = PBXBuildFile; fileRef = 66A1564A1D36F058000956F2 /* Word.swift */; };
		66A1564C1D36F058000956F2 /* Word.swift in Sources */ = {isa = PBXBuildFile; fileRef = 66A1564A1D36F058000956F2 /* Word.swift */; };
		66A1564E1D36F05F000956F2 /* Message.swift in Sources */ = {isa = PBXBuildFile; fileRef = 66A1564D1D36F05F000956F2 /* Message.swift */; };
		66A1564F1D36F05F000956F2 /* Message.swift in Sources */ = {isa = PBXBuildFile; fileRef = 66A1564D1D36F05F000956F2 /* Message.swift */; };
		66A156511D36F4F2000956F2 /* MorseTransmissionScheduler.swift in Sources */ = {isa = PBXBuildFile; fileRef = 66A156501D36F4F2000956F2 /* MorseTransmissionScheduler.swift */; };
		66A156521D36F4F2000956F2 /* MorseTransmissionScheduler.swift in Sources */ = {isa = PBXBuildFile; fileRef = 66A156501D36F4F2000956F2 /* MorseTransmissionScheduler.swift */; };
		66A156541D36F505000956F2 /* MorseTransmissionSchedulerTests.swift in Sources */ = {isa = PBXBuildFile; fileRef = 66A156531D36F505000956F2 /* MorseTransmissionSchedulerTests.swift */; };
		66A156561D381E0B000956F2 /* SymbolEncoderTests.swift in Sources */ = {isa = PBXBuildFile; fileRef = 66A156551D381E0B000956F2 /* SymbolEncoderTests.swift */; };
		66A156581D381E44000956F2 /* WordEncoderTests.swift in Sources */ = {isa = PBXBuildFile; fileRef = 66A156571D381E44000956F2 /* WordEncoderTests.swift */; };
		66A1565A1D381E66000956F2 /* MessageEncoderTests.swift in Sources */ = {isa = PBXBuildFile; fileRef = 66A156591D381E66000956F2 /* MessageEncoderTests.swift */; };
/* End PBXBuildFile section */

/* Begin PBXContainerItemProxy section */
		660C66201D35BEC100BAD5EE /* PBXContainerItemProxy */ = {
			isa = PBXContainerItemProxy;
			containerPortal = 660C66031D35BEC100BAD5EE /* Project object */;
			proxyType = 1;
			remoteGlobalIDString = 660C660A1D35BEC100BAD5EE;
			remoteInfo = MorseNew;
		};
/* End PBXContainerItemProxy section */

/* Begin PBXFileReference section */
		660C660B1D35BEC100BAD5EE /* MorseNew.app */ = {isa = PBXFileReference; explicitFileType = wrapper.application; includeInIndex = 0; path = MorseNew.app; sourceTree = BUILT_PRODUCTS_DIR; };
		660C660E1D35BEC100BAD5EE /* AppDelegate.swift */ = {isa = PBXFileReference; lastKnownFileType = sourcecode.swift; path = AppDelegate.swift; sourceTree = "<group>"; };
		660C66101D35BEC100BAD5EE /* ViewController.swift */ = {isa = PBXFileReference; lastKnownFileType = sourcecode.swift; path = ViewController.swift; sourceTree = "<group>"; };
		660C66131D35BEC100BAD5EE /* Base */ = {isa = PBXFileReference; lastKnownFileType = file.storyboard; name = Base; path = Base.lproj/Main.storyboard; sourceTree = "<group>"; };
		660C66151D35BEC100BAD5EE /* Assets.xcassets */ = {isa = PBXFileReference; lastKnownFileType = folder.assetcatalog; path = Assets.xcassets; sourceTree = "<group>"; };
		660C66181D35BEC100BAD5EE /* Base */ = {isa = PBXFileReference; lastKnownFileType = file.storyboard; name = Base; path = Base.lproj/LaunchScreen.storyboard; sourceTree = "<group>"; };
		660C661A1D35BEC100BAD5EE /* Info.plist */ = {isa = PBXFileReference; lastKnownFileType = text.plist.xml; path = Info.plist; sourceTree = "<group>"; };
		660C661F1D35BEC100BAD5EE /* MorseNewTests.xctest */ = {isa = PBXFileReference; explicitFileType = wrapper.cfbundle; includeInIndex = 0; path = MorseNewTests.xctest; sourceTree = BUILT_PRODUCTS_DIR; };
		660C66251D35BEC100BAD5EE /* Info.plist */ = {isa = PBXFileReference; lastKnownFileType = text.plist.xml; path = Info.plist; sourceTree = "<group>"; };
		660C66311D35BFD100BAD5EE /* SymbolEncoder.swift */ = {isa = PBXFileReference; fileEncoding = 4; lastKnownFileType = sourcecode.swift; path = SymbolEncoder.swift; sourceTree = "<group>"; };
		660C66341D35C01900BAD5EE /* morse.json */ = {isa = PBXFileReference; fileEncoding = 4; lastKnownFileType = text.json; path = morse.json; sourceTree = "<group>"; };
		660C66371D35C02900BAD5EE /* DataLoader.swift */ = {isa = PBXFileReference; fileEncoding = 4; lastKnownFileType = sourcecode.swift; path = DataLoader.swift; sourceTree = "<group>"; };
		660C663A1D35C71200BAD5EE /* WordEncoder.swift */ = {isa = PBXFileReference; fileEncoding = 4; lastKnownFileType = sourcecode.swift; path = WordEncoder.swift; sourceTree = "<group>"; };
		660C663D1D35CB7500BAD5EE /* MessageEncoder.swift */ = {isa = PBXFileReference; fileEncoding = 4; lastKnownFileType = sourcecode.swift; path = MessageEncoder.swift; sourceTree = "<group>"; };
		66A156441D36F04C000956F2 /* Mark.swift */ = {isa = PBXFileReference; fileEncoding = 4; lastKnownFileType = sourcecode.swift; path = Mark.swift; sourceTree = "<group>"; };
		66A156471D36F053000956F2 /* Symbol.swift */ = {isa = PBXFileReference; fileEncoding = 4; lastKnownFileType = sourcecode.swift; path = Symbol.swift; sourceTree = "<group>"; };
		66A1564A1D36F058000956F2 /* Word.swift */ = {isa = PBXFileReference; fileEncoding = 4; lastKnownFileType = sourcecode.swift; path = Word.swift; sourceTree = "<group>"; };
		66A1564D1D36F05F000956F2 /* Message.swift */ = {isa = PBXFileReference; fileEncoding = 4; lastKnownFileType = sourcecode.swift; path = Message.swift; sourceTree = "<group>"; };
		66A156501D36F4F2000956F2 /* MorseTransmissionScheduler.swift */ = {isa = PBXFileReference; fileEncoding = 4; lastKnownFileType = sourcecode.swift; path = MorseTransmissionScheduler.swift; sourceTree = "<group>"; };
		66A156531D36F505000956F2 /* MorseTransmissionSchedulerTests.swift */ = {isa = PBXFileReference; fileEncoding = 4; lastKnownFileType = sourcecode.swift; path = MorseTransmissionSchedulerTests.swift; sourceTree = "<group>"; };
		66A156551D381E0B000956F2 /* SymbolEncoderTests.swift */ = {isa = PBXFileReference; fileEncoding = 4; lastKnownFileType = sourcecode.swift; path = SymbolEncoderTests.swift; sourceTree = "<group>"; };
		66A156571D381E44000956F2 /* WordEncoderTests.swift */ = {isa = PBXFileReference; fileEncoding = 4; lastKnownFileType = sourcecode.swift; path = WordEncoderTests.swift; sourceTree = "<group>"; };
		66A156591D381E66000956F2 /* MessageEncoderTests.swift */ = {isa = PBXFileReference; fileEncoding = 4; lastKnownFileType = sourcecode.swift; path = MessageEncoderTests.swift; sourceTree = "<group>"; };
/* End PBXFileReference section */

/* Begin PBXFrameworksBuildPhase section */
		660C66081D35BEC100BAD5EE /* Frameworks */ = {
			isa = PBXFrameworksBuildPhase;
			buildActionMask = 2147483647;
			files = (
			);
			runOnlyForDeploymentPostprocessing = 0;
		};
		660C661C1D35BEC100BAD5EE /* Frameworks */ = {
			isa = PBXFrameworksBuildPhase;
			buildActionMask = 2147483647;
			files = (
			);
			runOnlyForDeploymentPostprocessing = 0;
		};
/* End PBXFrameworksBuildPhase section */

/* Begin PBXGroup section */
		660C66021D35BEC100BAD5EE = {
			isa = PBXGroup;
			children = (
				660C660D1D35BEC100BAD5EE /* MorseNew */,
				660C66221D35BEC100BAD5EE /* MorseNewTests */,
				660C660C1D35BEC100BAD5EE /* Products */,
			);
			sourceTree = "<group>";
		};
		660C660C1D35BEC100BAD5EE /* Products */ = {
			isa = PBXGroup;
			children = (
				660C660B1D35BEC100BAD5EE /* MorseNew.app */,
				660C661F1D35BEC100BAD5EE /* MorseNewTests.xctest */,
			);
			name = Products;
			sourceTree = "<group>";
		};
		660C660D1D35BEC100BAD5EE /* MorseNew */ = {
			isa = PBXGroup;
			children = (
				660C660E1D35BEC100BAD5EE /* AppDelegate.swift */,
				660C66101D35BEC100BAD5EE /* ViewController.swift */,
				660C66121D35BEC100BAD5EE /* Main.storyboard */,
				660C66151D35BEC100BAD5EE /* Assets.xcassets */,
				660C66171D35BEC100BAD5EE /* LaunchScreen.storyboard */,
				660C661A1D35BEC100BAD5EE /* Info.plist */,
				660C66341D35C01900BAD5EE /* morse.json */,
				660C663A1D35C71200BAD5EE /* WordEncoder.swift */,
				660C66311D35BFD100BAD5EE /* SymbolEncoder.swift */,
				660C66371D35C02900BAD5EE /* DataLoader.swift */,
				660C663D1D35CB7500BAD5EE /* MessageEncoder.swift */,
				66A156441D36F04C000956F2 /* Mark.swift */,
				66A156471D36F053000956F2 /* Symbol.swift */,
				66A1564A1D36F058000956F2 /* Word.swift */,
				66A1564D1D36F05F000956F2 /* Message.swift */,
				66A156501D36F4F2000956F2 /* MorseTransmissionScheduler.swift */,
			);
			path = MorseNew;
			sourceTree = "<group>";
		};
		660C66221D35BEC100BAD5EE /* MorseNewTests */ = {
			isa = PBXGroup;
			children = (
				660C66251D35BEC100BAD5EE /* Info.plist */,
				66A156531D36F505000956F2 /* MorseTransmissionSchedulerTests.swift */,
				66A156551D381E0B000956F2 /* SymbolEncoderTests.swift */,
				66A156571D381E44000956F2 /* WordEncoderTests.swift */,
				66A156591D381E66000956F2 /* MessageEncoderTests.swift */,
			);
			path = MorseNewTests;
			sourceTree = "<group>";
		};
/* End PBXGroup section */

/* Begin PBXNativeTarget section */
		660C660A1D35BEC100BAD5EE /* MorseNew */ = {
			isa = PBXNativeTarget;
			buildConfigurationList = 660C66281D35BEC100BAD5EE /* Build configuration list for PBXNativeTarget "MorseNew" */;
			buildPhases = (
				660C66071D35BEC100BAD5EE /* Sources */,
				660C66081D35BEC100BAD5EE /* Frameworks */,
				660C66091D35BEC100BAD5EE /* Resources */,
			);
			buildRules = (
			);
			dependencies = (
			);
			name = MorseNew;
			productName = MorseNew;
			productReference = 660C660B1D35BEC100BAD5EE /* MorseNew.app */;
			productType = "com.apple.product-type.application";
		};
		660C661E1D35BEC100BAD5EE /* MorseNewTests */ = {
			isa = PBXNativeTarget;
			buildConfigurationList = 660C662B1D35BEC100BAD5EE /* Build configuration list for PBXNativeTarget "MorseNewTests" */;
			buildPhases = (
				660C661B1D35BEC100BAD5EE /* Sources */,
				660C661C1D35BEC100BAD5EE /* Frameworks */,
				660C661D1D35BEC100BAD5EE /* Resources */,
			);
			buildRules = (
			);
			dependencies = (
				660C66211D35BEC100BAD5EE /* PBXTargetDependency */,
			);
			name = MorseNewTests;
			productName = MorseNewTests;
			productReference = 660C661F1D35BEC100BAD5EE /* MorseNewTests.xctest */;
			productType = "com.apple.product-type.bundle.unit-test";
		};
/* End PBXNativeTarget section */

/* Begin PBXProject section */
		660C66031D35BEC100BAD5EE /* Project object */ = {
			isa = PBXProject;
			attributes = {
				LastSwiftUpdateCheck = 0730;
				LastUpgradeCheck = 0730;
				ORGANIZATIONNAME = adamontherun;
				TargetAttributes = {
					660C660A1D35BEC100BAD5EE = {
						CreatedOnToolsVersion = 7.3.1;
					};
					660C661E1D35BEC100BAD5EE = {
						CreatedOnToolsVersion = 7.3.1;
						TestTargetID = 660C660A1D35BEC100BAD5EE;
					};
				};
			};
			buildConfigurationList = 660C66061D35BEC100BAD5EE /* Build configuration list for PBXProject "MorseNew" */;
			compatibilityVersion = "Xcode 3.2";
			developmentRegion = English;
			hasScannedForEncodings = 0;
			knownRegions = (
				en,
				Base,
			);
			mainGroup = 660C66021D35BEC100BAD5EE;
			productRefGroup = 660C660C1D35BEC100BAD5EE /* Products */;
			projectDirPath = "";
			projectRoot = "";
			targets = (
				660C660A1D35BEC100BAD5EE /* MorseNew */,
				660C661E1D35BEC100BAD5EE /* MorseNewTests */,
			);
		};
/* End PBXProject section */

/* Begin PBXResourcesBuildPhase section */
		660C66091D35BEC100BAD5EE /* Resources */ = {
			isa = PBXResourcesBuildPhase;
			buildActionMask = 2147483647;
			files = (
				660C66351D35C01900BAD5EE /* morse.json in Resources */,
				660C66191D35BEC100BAD5EE /* LaunchScreen.storyboard in Resources */,
				660C66161D35BEC100BAD5EE /* Assets.xcassets in Resources */,
				660C66141D35BEC100BAD5EE /* Main.storyboard in Resources */,
			);
			runOnlyForDeploymentPostprocessing = 0;
		};
		660C661D1D35BEC100BAD5EE /* Resources */ = {
			isa = PBXResourcesBuildPhase;
			buildActionMask = 2147483647;
			files = (
				660C66361D35C01900BAD5EE /* morse.json in Resources */,
			);
			runOnlyForDeploymentPostprocessing = 0;
		};
/* End PBXResourcesBuildPhase section */

/* Begin PBXSourcesBuildPhase section */
		660C66071D35BEC100BAD5EE /* Sources */ = {
			isa = PBXSourcesBuildPhase;
			buildActionMask = 2147483647;
			files = (
				66A156451D36F04C000956F2 /* Mark.swift in Sources */,
				66A156511D36F4F2000956F2 /* MorseTransmissionScheduler.swift in Sources */,
				660C66381D35C02900BAD5EE /* DataLoader.swift in Sources */,
				660C66321D35BFD100BAD5EE /* SymbolEncoder.swift in Sources */,
				660C66111D35BEC100BAD5EE /* ViewController.swift in Sources */,
				66A156481D36F053000956F2 /* Symbol.swift in Sources */,
				66A1564E1D36F05F000956F2 /* Message.swift in Sources */,
				660C663B1D35C71200BAD5EE /* WordEncoder.swift in Sources */,
				66A1564B1D36F058000956F2 /* Word.swift in Sources */,
				660C660F1D35BEC100BAD5EE /* AppDelegate.swift in Sources */,
				660C663E1D35CB7500BAD5EE /* MessageEncoder.swift in Sources */,
			);
			runOnlyForDeploymentPostprocessing = 0;
		};
		660C661B1D35BEC100BAD5EE /* Sources */ = {
			isa = PBXSourcesBuildPhase;
			buildActionMask = 2147483647;
			files = (
				66A156521D36F4F2000956F2 /* MorseTransmissionScheduler.swift in Sources */,
				66A156541D36F505000956F2 /* MorseTransmissionSchedulerTests.swift in Sources */,
				660C66391D35C02900BAD5EE /* DataLoader.swift in Sources */,
				660C66331D35BFD100BAD5EE /* SymbolEncoder.swift in Sources */,
				66A156561D381E0B000956F2 /* SymbolEncoderTests.swift in Sources */,
				66A1564C1D36F058000956F2 /* Word.swift in Sources */,
				66A156461D36F04C000956F2 /* Mark.swift in Sources */,
				66A156581D381E44000956F2 /* WordEncoderTests.swift in Sources */,
				660C663F1D35CB7500BAD5EE /* MessageEncoder.swift in Sources */,
				66A1565A1D381E66000956F2 /* MessageEncoderTests.swift in Sources */,
				66A156491D36F053000956F2 /* Symbol.swift in Sources */,
				66A1564F1D36F05F000956F2 /* Message.swift in Sources */,
				660C663C1D35C71200BAD5EE /* WordEncoder.swift in Sources */,
			);
			runOnlyForDeploymentPostprocessing = 0;
		};
/* End PBXSourcesBuildPhase section */

/* Begin PBXTargetDependency section */
		660C66211D35BEC100BAD5EE /* PBXTargetDependency */ = {
			isa = PBXTargetDependency;
			target = 660C660A1D35BEC100BAD5EE /* MorseNew */;
			targetProxy = 660C66201D35BEC100BAD5EE /* PBXContainerItemProxy */;
		};
/* End PBXTargetDependency section */

/* Begin PBXVariantGroup section */
		660C66121D35BEC100BAD5EE /* Main.storyboard */ = {
			isa = PBXVariantGroup;
			children = (
				660C66131D35BEC100BAD5EE /* Base */,
			);
			name = Main.storyboard;
			sourceTree = "<group>";
		};
		660C66171D35BEC100BAD5EE /* LaunchScreen.storyboard */ = {
			isa = PBXVariantGroup;
			children = (
				660C66181D35BEC100BAD5EE /* Base */,
			);
			name = LaunchScreen.storyboard;
			sourceTree = "<group>";
		};
/* End PBXVariantGroup section */

/* Begin XCBuildConfiguration section */
		660C66261D35BEC100BAD5EE /* Debug */ = {
			isa = XCBuildConfiguration;
			buildSettings = {
				ALWAYS_SEARCH_USER_PATHS = NO;
				CLANG_ANALYZER_NONNULL = YES;
				CLANG_CXX_LANGUAGE_STANDARD = "gnu++0x";
				CLANG_CXX_LIBRARY = "libc++";
				CLANG_ENABLE_MODULES = YES;
				CLANG_ENABLE_OBJC_ARC = YES;
				CLANG_WARN_BOOL_CONVERSION = YES;
				CLANG_WARN_CONSTANT_CONVERSION = YES;
				CLANG_WARN_DIRECT_OBJC_ISA_USAGE = YES_ERROR;
				CLANG_WARN_EMPTY_BODY = YES;
				CLANG_WARN_ENUM_CONVERSION = YES;
				CLANG_WARN_INT_CONVERSION = YES;
				CLANG_WARN_OBJC_ROOT_CLASS = YES_ERROR;
				CLANG_WARN_UNREACHABLE_CODE = YES;
				CLANG_WARN__DUPLICATE_METHOD_MATCH = YES;
				"CODE_SIGN_IDENTITY[sdk=iphoneos*]" = "iPhone Developer";
				COPY_PHASE_STRIP = NO;
				DEBUG_INFORMATION_FORMAT = dwarf;
				ENABLE_STRICT_OBJC_MSGSEND = YES;
				ENABLE_TESTABILITY = YES;
				GCC_C_LANGUAGE_STANDARD = gnu99;
				GCC_DYNAMIC_NO_PIC = NO;
				GCC_NO_COMMON_BLOCKS = YES;
				GCC_OPTIMIZATION_LEVEL = 0;
				GCC_PREPROCESSOR_DEFINITIONS = (
					"DEBUG=1",
					"$(inherited)",
				);
				GCC_WARN_64_TO_32_BIT_CONVERSION = YES;
				GCC_WARN_ABOUT_RETURN_TYPE = YES_ERROR;
				GCC_WARN_UNDECLARED_SELECTOR = YES;
				GCC_WARN_UNINITIALIZED_AUTOS = YES_AGGRESSIVE;
				GCC_WARN_UNUSED_FUNCTION = YES;
				GCC_WARN_UNUSED_VARIABLE = YES;
				IPHONEOS_DEPLOYMENT_TARGET = 9.3;
				MTL_ENABLE_DEBUG_INFO = YES;
				ONLY_ACTIVE_ARCH = YES;
				SDKROOT = iphoneos;
				SWIFT_OPTIMIZATION_LEVEL = "-Onone";
				TARGETED_DEVICE_FAMILY = "1,2";
			};
			name = Debug;
		};
		660C66271D35BEC100BAD5EE /* Release */ = {
			isa = XCBuildConfiguration;
			buildSettings = {
				ALWAYS_SEARCH_USER_PATHS = NO;
				CLANG_ANALYZER_NONNULL = YES;
				CLANG_CXX_LANGUAGE_STANDARD = "gnu++0x";
				CLANG_CXX_LIBRARY = "libc++";
				CLANG_ENABLE_MODULES = YES;
				CLANG_ENABLE_OBJC_ARC = YES;
				CLANG_WARN_BOOL_CONVERSION = YES;
				CLANG_WARN_CONSTANT_CONVERSION = YES;
				CLANG_WARN_DIRECT_OBJC_ISA_USAGE = YES_ERROR;
				CLANG_WARN_EMPTY_BODY = YES;
				CLANG_WARN_ENUM_CONVERSION = YES;
				CLANG_WARN_INT_CONVERSION = YES;
				CLANG_WARN_OBJC_ROOT_CLASS = YES_ERROR;
				CLANG_WARN_UNREACHABLE_CODE = YES;
				CLANG_WARN__DUPLICATE_METHOD_MATCH = YES;
				"CODE_SIGN_IDENTITY[sdk=iphoneos*]" = "iPhone Developer";
				COPY_PHASE_STRIP = NO;
				DEBUG_INFORMATION_FORMAT = "dwarf-with-dsym";
				ENABLE_NS_ASSERTIONS = NO;
				ENABLE_STRICT_OBJC_MSGSEND = YES;
				GCC_C_LANGUAGE_STANDARD = gnu99;
				GCC_NO_COMMON_BLOCKS = YES;
				GCC_WARN_64_TO_32_BIT_CONVERSION = YES;
				GCC_WARN_ABOUT_RETURN_TYPE = YES_ERROR;
				GCC_WARN_UNDECLARED_SELECTOR = YES;
				GCC_WARN_UNINITIALIZED_AUTOS = YES_AGGRESSIVE;
				GCC_WARN_UNUSED_FUNCTION = YES;
				GCC_WARN_UNUSED_VARIABLE = YES;
				IPHONEOS_DEPLOYMENT_TARGET = 9.3;
				MTL_ENABLE_DEBUG_INFO = NO;
				SDKROOT = iphoneos;
				TARGETED_DEVICE_FAMILY = "1,2";
				VALIDATE_PRODUCT = YES;
			};
			name = Release;
		};
		660C66291D35BEC100BAD5EE /* Debug */ = {
			isa = XCBuildConfiguration;
			buildSettings = {
				ASSETCATALOG_COMPILER_APPICON_NAME = AppIcon;
				INFOPLIST_FILE = MorseNew/Info.plist;
				LD_RUNPATH_SEARCH_PATHS = "$(inherited) @executable_path/Frameworks";
				PRODUCT_BUNDLE_IDENTIFIER = com.adamontherun.MorseNew;
				PRODUCT_NAME = "$(TARGET_NAME)";
			};
			name = Debug;
		};
		660C662A1D35BEC100BAD5EE /* Release */ = {
			isa = XCBuildConfiguration;
			buildSettings = {
				ASSETCATALOG_COMPILER_APPICON_NAME = AppIcon;
				INFOPLIST_FILE = MorseNew/Info.plist;
				LD_RUNPATH_SEARCH_PATHS = "$(inherited) @executable_path/Frameworks";
				PRODUCT_BUNDLE_IDENTIFIER = com.adamontherun.MorseNew;
				PRODUCT_NAME = "$(TARGET_NAME)";
			};
			name = Release;
		};
		660C662C1D35BEC100BAD5EE /* Debug */ = {
			isa = XCBuildConfiguration;
			buildSettings = {
				BUNDLE_LOADER = "$(TEST_HOST)";
				INFOPLIST_FILE = MorseNewTests/Info.plist;
				LD_RUNPATH_SEARCH_PATHS = "$(inherited) @executable_path/Frameworks @loader_path/Frameworks";
				PRODUCT_BUNDLE_IDENTIFIER = com.adamontherun.MorseNewTests;
				PRODUCT_NAME = "$(TARGET_NAME)";
				TEST_HOST = "$(BUILT_PRODUCTS_DIR)/MorseNew.app/MorseNew";
			};
			name = Debug;
		};
		660C662D1D35BEC100BAD5EE /* Release */ = {
			isa = XCBuildConfiguration;
			buildSettings = {
				BUNDLE_LOADER = "$(TEST_HOST)";
				INFOPLIST_FILE = MorseNewTests/Info.plist;
				LD_RUNPATH_SEARCH_PATHS = "$(inherited) @executable_path/Frameworks @loader_path/Frameworks";
				PRODUCT_BUNDLE_IDENTIFIER = com.adamontherun.MorseNewTests;
				PRODUCT_NAME = "$(TARGET_NAME)";
				TEST_HOST = "$(BUILT_PRODUCTS_DIR)/MorseNew.app/MorseNew";
			};
			name = Release;
		};
/* End XCBuildConfiguration section */

/* Begin XCConfigurationList section */
		660C66061D35BEC100BAD5EE /* Build configuration list for PBXProject "MorseNew" */ = {
			isa = XCConfigurationList;
			buildConfigurations = (
				660C66261D35BEC100BAD5EE /* Debug */,
				660C66271D35BEC100BAD5EE /* Release */,
			);
			defaultConfigurationIsVisible = 0;
			defaultConfigurationName = Release;
		};
		660C66281D35BEC100BAD5EE /* Build configuration list for PBXNativeTarget "MorseNew" */ = {
			isa = XCConfigurationList;
			buildConfigurations = (
				660C66291D35BEC100BAD5EE /* Debug */,
				660C662A1D35BEC100BAD5EE /* Release */,
			);
			defaultConfigurationIsVisible = 0;
			defaultConfigurationName = Release;
		};
		660C662B1D35BEC100BAD5EE /* Build configuration list for PBXNativeTarget "MorseNewTests" */ = {
			isa = XCConfigurationList;
			buildConfigurations = (
				660C662C1D35BEC100BAD5EE /* Debug */,
				660C662D1D35BEC100BAD5EE /* Release */,
			);
			defaultConfigurationIsVisible = 0;
			defaultConfigurationName = Release;
		};
/* End XCConfigurationList section */
	};
	rootObject = 660C66031D35BEC100BAD5EE /* Project object */;
}
